
Microsoft Visual Studio Solution File, Format Version 12.00
# Visual Studio 15
VisualStudioVersion = 15.0.27130.2020
MinimumVisualStudioVersion = 10.0.40219.1
Project("{8BC9CEB8-8B4A-11D0-8D11-00A0C91BC942}") = "ProjetFourmis", "ProjetFourmis\ProjetFourmis.vcxproj", "{807C7885-9CEC-48A3-B5DE-42B71D0ABDAC}"
EndProject
Global
	GlobalSection(SolutionConfigurationPlatforms) = preSolution
		Debug|x64 = Debug|x64
		Debug|x86 = Debug|x86
		Release|x64 = Release|x64
		Release|x86 = Release|x86
	EndGlobalSection
	GlobalSection(ProjectConfigurationPlatforms) = postSolution
		{807C7885-9CEC-48A3-B5DE-42B71D0ABDAC}.Debug|x64.ActiveCfg = Debug|x64
		{807C7885-9CEC-48A3-B5DE-42B71D0ABDAC}.Debug|x64.Build.0 = Debug|x64
		{807C7885-9CEC-48A3-B5DE-42B71D0ABDAC}.Debug|x86.ActiveCfg = Debug|Win32
		{807C7885-9CEC-48A3-B5DE-42B71D0ABDAC}.Debug|x86.Build.0 = Debug|Win32
		{807C7885-9CEC-48A3-B5DE-42B71D0ABDAC}.Release|x64.ActiveCfg = Release|x64
		{807C7885-9CEC-48A3-B5DE-42B71D0ABDAC}.Release|x64.Build.0 = Release|x64
		{807C7885-9CEC-48A3-B5DE-42B71D0ABDAC}.Release|x86.ActiveCfg = Release|Win32
		{807C7885-9CEC-48A3-B5DE-42B71D0ABDAC}.Release|x86.Build.0 = Release|Win32
	EndGlobalSection
	GlobalSection(SolutionProperties) = preSolution
		HideSolutionNode = FALSE
	EndGlobalSection
	GlobalSection(ExtensibilityGlobals) = postSolution
		SolutionGuid = {F46151AD-A892-4551-BCD8-876E98438B43}
	EndGlobalSection
EndGlobal
